// !$*UTF8*$!
{
	archiveVersion = 1;
	classes = {
	};
	objectVersion = 56;
	objects = {

/* Begin PBXBuildFile section */
		14AC80E72A97166E007745A1 /* Assets.swift in Sources */ = {isa = PBXBuildFile; fileRef = 14AC80E62A97166E007745A1 /* Assets.swift */; };
		14AC80ED2A971C90007745A1 /* BaseViewController.swift in Sources */ = {isa = PBXBuildFile; fileRef = 14AC80E92A971C90007745A1 /* BaseViewController.swift */; };
		14AC80EE2A971C90007745A1 /* ViewModelType.swift in Sources */ = {isa = PBXBuildFile; fileRef = 14AC80EA2A971C90007745A1 /* ViewModelType.swift */; };
		14AC80F32A971D26007745A1 /* APIResponse.swift in Sources */ = {isa = PBXBuildFile; fileRef = 14AC80F22A971D26007745A1 /* APIResponse.swift */; };
		14AC80F62A971F67007745A1 /* Credentials.swift in Sources */ = {isa = PBXBuildFile; fileRef = 14AC80F52A971F67007745A1 /* Credentials.swift */; };
		14AC80F82A9721DD007745A1 /* Extensions.swift in Sources */ = {isa = PBXBuildFile; fileRef = 14AC80F72A9721DD007745A1 /* Extensions.swift */; };
		14AC80FA2A97240F007745A1 /* Enums.swift in Sources */ = {isa = PBXBuildFile; fileRef = 14AC80F92A97240F007745A1 /* Enums.swift */; };
		14AC80FC2A972464007745A1 /* UtilityObject.swift in Sources */ = {isa = PBXBuildFile; fileRef = 14AC80FB2A972464007745A1 /* UtilityObject.swift */; };
		14C3ACC42A96E8F00057F074 /* AppDelegate.swift in Sources */ = {isa = PBXBuildFile; fileRef = 14C3ACC32A96E8F00057F074 /* AppDelegate.swift */; };
		14C3ACC62A96E8F00057F074 /* SceneDelegate.swift in Sources */ = {isa = PBXBuildFile; fileRef = 14C3ACC52A96E8F00057F074 /* SceneDelegate.swift */; };
		14C3ACC82A96E8F00057F074 /* ViewController.swift in Sources */ = {isa = PBXBuildFile; fileRef = 14C3ACC72A96E8F00057F074 /* ViewController.swift */; };
		14C3ACCB2A96E8F00057F074 /* Main.storyboard in Resources */ = {isa = PBXBuildFile; fileRef = 14C3ACC92A96E8F00057F074 /* Main.storyboard */; };
		14C3ACCD2A96E8F30057F074 /* Assets.xcassets in Resources */ = {isa = PBXBuildFile; fileRef = 14C3ACCC2A96E8F30057F074 /* Assets.xcassets */; };
		14C3ACD02A96E8F30057F074 /* LaunchScreen.storyboard in Resources */ = {isa = PBXBuildFile; fileRef = 14C3ACCE2A96E8F30057F074 /* LaunchScreen.storyboard */; };
		14C3ACDD2A96EF730057F074 /* LoginViewController.swift in Sources */ = {isa = PBXBuildFile; fileRef = 14C3ACDB2A96EF730057F074 /* LoginViewController.swift */; };
		14C3ACDE2A96EF730057F074 /* LoginViewController.xib in Resources */ = {isa = PBXBuildFile; fileRef = 14C3ACDC2A96EF730057F074 /* LoginViewController.xib */; };
		14C3ACE02A96EF810057F074 /* LoginViewModel.swift in Sources */ = {isa = PBXBuildFile; fileRef = 14C3ACDF2A96EF810057F074 /* LoginViewModel.swift */; };
		14C3ACE22A96EF8F0057F074 /* HomeViewModel.swift in Sources */ = {isa = PBXBuildFile; fileRef = 14C3ACE12A96EF8F0057F074 /* HomeViewModel.swift */; };
		14C3ACE72A96EFB20057F074 /* HomeViewController.swift in Sources */ = {isa = PBXBuildFile; fileRef = 14C3ACE52A96EFB20057F074 /* HomeViewController.swift */; };
		14C3ACE82A96EFB20057F074 /* HomeViewController.xib in Resources */ = {isa = PBXBuildFile; fileRef = 14C3ACE62A96EFB20057F074 /* HomeViewController.xib */; };
		14C3ACEB2A96EFE60057F074 /* ChatsViewController.swift in Sources */ = {isa = PBXBuildFile; fileRef = 14C3ACE92A96EFE60057F074 /* ChatsViewController.swift */; };
		14C3ACEC2A96EFE60057F074 /* ChatsViewController.xib in Resources */ = {isa = PBXBuildFile; fileRef = 14C3ACEA2A96EFE60057F074 /* ChatsViewController.xib */; };
		14C3ACEE2A96EFFC0057F074 /* ChatsViewModel.swift in Sources */ = {isa = PBXBuildFile; fileRef = 14C3ACED2A96EFFC0057F074 /* ChatsViewModel.swift */; };
		9633B10E97BAFD55B9BBE70F /* Pods_ChattingAppDemo.framework in Frameworks */ = {isa = PBXBuildFile; fileRef = 0EFCF47EF47D7E59B787ECA5 /* Pods_ChattingAppDemo.framework */; };
/* End PBXBuildFile section */

/* Begin PBXFileReference section */
		0EFCF47EF47D7E59B787ECA5 /* Pods_ChattingAppDemo.framework */ = {isa = PBXFileReference; explicitFileType = wrapper.framework; includeInIndex = 0; path = Pods_ChattingAppDemo.framework; sourceTree = BUILT_PRODUCTS_DIR; };
		14AC80E62A97166E007745A1 /* Assets.swift */ = {isa = PBXFileReference; fileEncoding = 4; lastKnownFileType = sourcecode.swift; path = Assets.swift; sourceTree = "<group>"; };
		14AC80E92A971C90007745A1 /* BaseViewController.swift */ = {isa = PBXFileReference; fileEncoding = 4; lastKnownFileType = sourcecode.swift; path = BaseViewController.swift; sourceTree = "<group>"; };
		14AC80EA2A971C90007745A1 /* ViewModelType.swift */ = {isa = PBXFileReference; fileEncoding = 4; lastKnownFileType = sourcecode.swift; path = ViewModelType.swift; sourceTree = "<group>"; };
		14AC80F22A971D26007745A1 /* APIResponse.swift */ = {isa = PBXFileReference; lastKnownFileType = sourcecode.swift; path = APIResponse.swift; sourceTree = "<group>"; };
		14AC80F52A971F67007745A1 /* Credentials.swift */ = {isa = PBXFileReference; lastKnownFileType = sourcecode.swift; path = Credentials.swift; sourceTree = "<group>"; };
		14AC80F72A9721DD007745A1 /* Extensions.swift */ = {isa = PBXFileReference; lastKnownFileType = sourcecode.swift; path = Extensions.swift; sourceTree = "<group>"; };
		14AC80F92A97240F007745A1 /* Enums.swift */ = {isa = PBXFileReference; lastKnownFileType = sourcecode.swift; path = Enums.swift; sourceTree = "<group>"; };
		14AC80FB2A972464007745A1 /* UtilityObject.swift */ = {isa = PBXFileReference; lastKnownFileType = sourcecode.swift; path = UtilityObject.swift; sourceTree = "<group>"; };
		14C3ACC02A96E8F00057F074 /* ChattingAppDemo.app */ = {isa = PBXFileReference; explicitFileType = wrapper.application; includeInIndex = 0; path = ChattingAppDemo.app; sourceTree = BUILT_PRODUCTS_DIR; };
		14C3ACC32A96E8F00057F074 /* AppDelegate.swift */ = {isa = PBXFileReference; lastKnownFileType = sourcecode.swift; path = AppDelegate.swift; sourceTree = "<group>"; };
		14C3ACC52A96E8F00057F074 /* SceneDelegate.swift */ = {isa = PBXFileReference; lastKnownFileType = sourcecode.swift; path = SceneDelegate.swift; sourceTree = "<group>"; };
		14C3ACC72A96E8F00057F074 /* ViewController.swift */ = {isa = PBXFileReference; lastKnownFileType = sourcecode.swift; path = ViewController.swift; sourceTree = "<group>"; };
		14C3ACCA2A96E8F00057F074 /* Base */ = {isa = PBXFileReference; lastKnownFileType = file.storyboard; name = Base; path = Base.lproj/Main.storyboard; sourceTree = "<group>"; };
		14C3ACCC2A96E8F30057F074 /* Assets.xcassets */ = {isa = PBXFileReference; lastKnownFileType = folder.assetcatalog; path = Assets.xcassets; sourceTree = "<group>"; };
		14C3ACCF2A96E8F30057F074 /* Base */ = {isa = PBXFileReference; lastKnownFileType = file.storyboard; name = Base; path = Base.lproj/LaunchScreen.storyboard; sourceTree = "<group>"; };
		14C3ACD12A96E8F30057F074 /* Info.plist */ = {isa = PBXFileReference; lastKnownFileType = text.plist.xml; path = Info.plist; sourceTree = "<group>"; };
		14C3ACDB2A96EF730057F074 /* LoginViewController.swift */ = {isa = PBXFileReference; lastKnownFileType = sourcecode.swift; path = LoginViewController.swift; sourceTree = "<group>"; };
		14C3ACDC2A96EF730057F074 /* LoginViewController.xib */ = {isa = PBXFileReference; lastKnownFileType = file.xib; path = LoginViewController.xib; sourceTree = "<group>"; };
		14C3ACDF2A96EF810057F074 /* LoginViewModel.swift */ = {isa = PBXFileReference; lastKnownFileType = sourcecode.swift; path = LoginViewModel.swift; sourceTree = "<group>"; };
		14C3ACE12A96EF8F0057F074 /* HomeViewModel.swift */ = {isa = PBXFileReference; lastKnownFileType = sourcecode.swift; path = HomeViewModel.swift; sourceTree = "<group>"; };
		14C3ACE52A96EFB20057F074 /* HomeViewController.swift */ = {isa = PBXFileReference; lastKnownFileType = sourcecode.swift; path = HomeViewController.swift; sourceTree = "<group>"; };
		14C3ACE62A96EFB20057F074 /* HomeViewController.xib */ = {isa = PBXFileReference; lastKnownFileType = file.xib; path = HomeViewController.xib; sourceTree = "<group>"; };
		14C3ACE92A96EFE60057F074 /* ChatsViewController.swift */ = {isa = PBXFileReference; lastKnownFileType = sourcecode.swift; path = ChatsViewController.swift; sourceTree = "<group>"; };
		14C3ACEA2A96EFE60057F074 /* ChatsViewController.xib */ = {isa = PBXFileReference; lastKnownFileType = file.xib; path = ChatsViewController.xib; sourceTree = "<group>"; };
		14C3ACED2A96EFFC0057F074 /* ChatsViewModel.swift */ = {isa = PBXFileReference; lastKnownFileType = sourcecode.swift; path = ChatsViewModel.swift; sourceTree = "<group>"; };
		5FDA9C1096D8A407F1B76D00 /* Pods-ChattingAppDemo.debug.xcconfig */ = {isa = PBXFileReference; includeInIndex = 1; lastKnownFileType = text.xcconfig; name = "Pods-ChattingAppDemo.debug.xcconfig"; path = "Target Support Files/Pods-ChattingAppDemo/Pods-ChattingAppDemo.debug.xcconfig"; sourceTree = "<group>"; };
		D2D5AFBDE5059B832C4D85C3 /* Pods-ChattingAppDemo.release.xcconfig */ = {isa = PBXFileReference; includeInIndex = 1; lastKnownFileType = text.xcconfig; name = "Pods-ChattingAppDemo.release.xcconfig"; path = "Target Support Files/Pods-ChattingAppDemo/Pods-ChattingAppDemo.release.xcconfig"; sourceTree = "<group>"; };
/* End PBXFileReference section */

/* Begin PBXFrameworksBuildPhase section */
		14C3ACBD2A96E8F00057F074 /* Frameworks */ = {
			isa = PBXFrameworksBuildPhase;
			buildActionMask = 2147483647;
			files = (
				9633B10E97BAFD55B9BBE70F /* Pods_ChattingAppDemo.framework in Frameworks */,
			);
			runOnlyForDeploymentPostprocessing = 0;
		};
/* End PBXFrameworksBuildPhase section */

/* Begin PBXGroup section */
		14AC80E52A97164B007745A1 /* Resources */ = {
			isa = PBXGroup;
			children = (
				14AC80E62A97166E007745A1 /* Assets.swift */,
			);
			path = Resources;
			sourceTree = "<group>";
		};
		14AC80E82A971C90007745A1 /* Bases */ = {
			isa = PBXGroup;
			children = (
				14AC80E92A971C90007745A1 /* BaseViewController.swift */,
				14AC80EA2A971C90007745A1 /* ViewModelType.swift */,
			);
			path = Bases;
			sourceTree = "<group>";
		};
		14AC80F12A971D18007745A1 /* API */ = {
			isa = PBXGroup;
			children = (
				14AC80F22A971D26007745A1 /* APIResponse.swift */,
			);
			path = API;
			sourceTree = "<group>";
		};
		14AC80F42A971F5B007745A1 /* Commons */ = {
			isa = PBXGroup;
			children = (
				14AC80F52A971F67007745A1 /* Credentials.swift */,
				14AC80F72A9721DD007745A1 /* Extensions.swift */,
				14AC80F92A97240F007745A1 /* Enums.swift */,
				14AC80FB2A972464007745A1 /* UtilityObject.swift */,
			);
			path = Commons;
			sourceTree = "<group>";
		};
		14C3ACB72A96E8F00057F074 = {
			isa = PBXGroup;
			children = (
				14C3ACC22A96E8F00057F074 /* ChattingAppDemo */,
				14C3ACC12A96E8F00057F074 /* Products */,
				C84F5835AE1D5D4BC2C6D667 /* Pods */,
				978D760ACA9CAC15520307A3 /* Frameworks */,
			);
			sourceTree = "<group>";
		};
		14C3ACC12A96E8F00057F074 /* Products */ = {
			isa = PBXGroup;
			children = (
				14C3ACC02A96E8F00057F074 /* ChattingAppDemo.app */,
			);
			name = Products;
			sourceTree = "<group>";
		};
		14C3ACC22A96E8F00057F074 /* ChattingAppDemo */ = {
			isa = PBXGroup;
			children = (
				14AC80F42A971F5B007745A1 /* Commons */,
				14AC80F12A971D18007745A1 /* API */,
				14AC80E82A971C90007745A1 /* Bases */,
				14AC80E52A97164B007745A1 /* Resources */,
				14C3ACD72A96EF390057F074 /* Sources */,
				14C3ACC32A96E8F00057F074 /* AppDelegate.swift */,
				14C3ACC52A96E8F00057F074 /* SceneDelegate.swift */,
				14C3ACC72A96E8F00057F074 /* ViewController.swift */,
				14C3ACC92A96E8F00057F074 /* Main.storyboard */,
				14C3ACCC2A96E8F30057F074 /* Assets.xcassets */,
				14C3ACCE2A96E8F30057F074 /* LaunchScreen.storyboard */,
				14C3ACD12A96E8F30057F074 /* Info.plist */,
			);
			path = ChattingAppDemo;
			sourceTree = "<group>";
		};
		14C3ACD72A96EF390057F074 /* Sources */ = {
			isa = PBXGroup;
			children = (
				14C3ACDA2A96EF5B0057F074 /* Chats */,
				14C3ACD92A96EF550057F074 /* Home */,
				14C3ACD82A96EF500057F074 /* Login */,
			);
			path = Sources;
			sourceTree = "<group>";
		};
		14C3ACD82A96EF500057F074 /* Login */ = {
			isa = PBXGroup;
			children = (
				14C3ACDF2A96EF810057F074 /* LoginViewModel.swift */,
				14C3ACDB2A96EF730057F074 /* LoginViewController.swift */,
				14C3ACDC2A96EF730057F074 /* LoginViewController.xib */,
			);
			path = Login;
			sourceTree = "<group>";
		};
		14C3ACD92A96EF550057F074 /* Home */ = {
			isa = PBXGroup;
			children = (
				14C3ACE12A96EF8F0057F074 /* HomeViewModel.swift */,
				14C3ACE52A96EFB20057F074 /* HomeViewController.swift */,
				14C3ACE62A96EFB20057F074 /* HomeViewController.xib */,
			);
			path = Home;
			sourceTree = "<group>";
		};
		14C3ACDA2A96EF5B0057F074 /* Chats */ = {
			isa = PBXGroup;
			children = (
				14C3ACE92A96EFE60057F074 /* ChatsViewController.swift */,
				14C3ACEA2A96EFE60057F074 /* ChatsViewController.xib */,
				14C3ACED2A96EFFC0057F074 /* ChatsViewModel.swift */,
			);
			path = Chats;
			sourceTree = "<group>";
		};
		978D760ACA9CAC15520307A3 /* Frameworks */ = {
			isa = PBXGroup;
			children = (
				0EFCF47EF47D7E59B787ECA5 /* Pods_ChattingAppDemo.framework */,
			);
			name = Frameworks;
			sourceTree = "<group>";
		};
		C84F5835AE1D5D4BC2C6D667 /* Pods */ = {
			isa = PBXGroup;
			children = (
				5FDA9C1096D8A407F1B76D00 /* Pods-ChattingAppDemo.debug.xcconfig */,
				D2D5AFBDE5059B832C4D85C3 /* Pods-ChattingAppDemo.release.xcconfig */,
			);
			path = Pods;
			sourceTree = "<group>";
		};
/* End PBXGroup section */

/* Begin PBXNativeTarget section */
		14C3ACBF2A96E8F00057F074 /* ChattingAppDemo */ = {
			isa = PBXNativeTarget;
			buildConfigurationList = 14C3ACD42A96E8F30057F074 /* Build configuration list for PBXNativeTarget "ChattingAppDemo" */;
			buildPhases = (
				57D46C2097968E167C7D61BF /* [CP] Check Pods Manifest.lock */,
				14C3ACBC2A96E8F00057F074 /* Sources */,
				14C3ACBD2A96E8F00057F074 /* Frameworks */,
				14C3ACBE2A96E8F00057F074 /* Resources */,
				C8FA9DF8FE59922C3D237BA0 /* [CP] Embed Pods Frameworks */,
			);
			buildRules = (
			);
			dependencies = (
			);
			name = ChattingAppDemo;
			productName = ChattingAppDemo;
			productReference = 14C3ACC02A96E8F00057F074 /* ChattingAppDemo.app */;
			productType = "com.apple.product-type.application";
		};
/* End PBXNativeTarget section */

/* Begin PBXProject section */
		14C3ACB82A96E8F00057F074 /* Project object */ = {
			isa = PBXProject;
			attributes = {
				BuildIndependentTargetsInParallel = 1;
				LastSwiftUpdateCheck = 1400;
				LastUpgradeCheck = 1400;
				TargetAttributes = {
					14C3ACBF2A96E8F00057F074 = {
						CreatedOnToolsVersion = 14.0.1;
					};
				};
			};
			buildConfigurationList = 14C3ACBB2A96E8F00057F074 /* Build configuration list for PBXProject "ChattingAppDemo" */;
			compatibilityVersion = "Xcode 14.0";
			developmentRegion = en;
			hasScannedForEncodings = 0;
			knownRegions = (
				en,
				Base,
			);
			mainGroup = 14C3ACB72A96E8F00057F074;
			productRefGroup = 14C3ACC12A96E8F00057F074 /* Products */;
			projectDirPath = "";
			projectRoot = "";
			targets = (
				14C3ACBF2A96E8F00057F074 /* ChattingAppDemo */,
			);
		};
/* End PBXProject section */

/* Begin PBXResourcesBuildPhase section */
		14C3ACBE2A96E8F00057F074 /* Resources */ = {
			isa = PBXResourcesBuildPhase;
			buildActionMask = 2147483647;
			files = (
				14C3ACEC2A96EFE60057F074 /* ChatsViewController.xib in Resources */,
				14C3ACDE2A96EF730057F074 /* LoginViewController.xib in Resources */,
				14C3ACD02A96E8F30057F074 /* LaunchScreen.storyboard in Resources */,
				14C3ACE82A96EFB20057F074 /* HomeViewController.xib in Resources */,
				14C3ACCD2A96E8F30057F074 /* Assets.xcassets in Resources */,
				14C3ACCB2A96E8F00057F074 /* Main.storyboard in Resources */,
			);
			runOnlyForDeploymentPostprocessing = 0;
		};
/* End PBXResourcesBuildPhase section */

/* Begin PBXShellScriptBuildPhase section */
		57D46C2097968E167C7D61BF /* [CP] Check Pods Manifest.lock */ = {
			isa = PBXShellScriptBuildPhase;
			buildActionMask = 2147483647;
			files = (
			);
			inputFileListPaths = (
			);
			inputPaths = (
				"${PODS_PODFILE_DIR_PATH}/Podfile.lock",
				"${PODS_ROOT}/Manifest.lock",
			);
			name = "[CP] Check Pods Manifest.lock";
			outputFileListPaths = (
			);
			outputPaths = (
				"$(DERIVED_FILE_DIR)/Pods-ChattingAppDemo-checkManifestLockResult.txt",
			);
			runOnlyForDeploymentPostprocessing = 0;
			shellPath = /bin/sh;
			shellScript = "diff \"${PODS_PODFILE_DIR_PATH}/Podfile.lock\" \"${PODS_ROOT}/Manifest.lock\" > /dev/null\nif [ $? != 0 ] ; then\n    # print error to STDERR\n    echo \"error: The sandbox is not in sync with the Podfile.lock. Run 'pod install' or update your CocoaPods installation.\" >&2\n    exit 1\nfi\n# This output is used by Xcode 'outputs' to avoid re-running this script phase.\necho \"SUCCESS\" > \"${SCRIPT_OUTPUT_FILE_0}\"\n";
			showEnvVarsInLog = 0;
		};
		C8FA9DF8FE59922C3D237BA0 /* [CP] Embed Pods Frameworks */ = {
			isa = PBXShellScriptBuildPhase;
			buildActionMask = 2147483647;
			files = (
			);
			inputFileListPaths = (
				"${PODS_ROOT}/Target Support Files/Pods-ChattingAppDemo/Pods-ChattingAppDemo-frameworks-${CONFIGURATION}-input-files.xcfilelist",
			);
			name = "[CP] Embed Pods Frameworks";
			outputFileListPaths = (
				"${PODS_ROOT}/Target Support Files/Pods-ChattingAppDemo/Pods-ChattingAppDemo-frameworks-${CONFIGURATION}-output-files.xcfilelist",
			);
			runOnlyForDeploymentPostprocessing = 0;
			shellPath = /bin/sh;
			shellScript = "\"${PODS_ROOT}/Target Support Files/Pods-ChattingAppDemo/Pods-ChattingAppDemo-frameworks.sh\"\n";
			showEnvVarsInLog = 0;
		};
/* End PBXShellScriptBuildPhase section */

/* Begin PBXSourcesBuildPhase section */
		14C3ACBC2A96E8F00057F074 /* Sources */ = {
			isa = PBXSourcesBuildPhase;
			buildActionMask = 2147483647;
			files = (
				14C3ACDD2A96EF730057F074 /* LoginViewController.swift in Sources */,
				14C3ACE22A96EF8F0057F074 /* HomeViewModel.swift in Sources */,
				14AC80ED2A971C90007745A1 /* BaseViewController.swift in Sources */,
				14C3ACC82A96E8F00057F074 /* ViewController.swift in Sources */,
				14C3ACC42A96E8F00057F074 /* AppDelegate.swift in Sources */,
				14C3ACE02A96EF810057F074 /* LoginViewModel.swift in Sources */,
				14C3ACE72A96EFB20057F074 /* HomeViewController.swift in Sources */,
				14AC80F32A971D26007745A1 /* APIResponse.swift in Sources */,
				14AC80FC2A972464007745A1 /* UtilityObject.swift in Sources */,
				14AC80F62A971F67007745A1 /* Credentials.swift in Sources */,
				14C3ACEB2A96EFE60057F074 /* ChatsViewController.swift in Sources */,
				14AC80F82A9721DD007745A1 /* Extensions.swift in Sources */,
				14AC80EE2A971C90007745A1 /* ViewModelType.swift in Sources */,
				14C3ACC62A96E8F00057F074 /* SceneDelegate.swift in Sources */,
				14AC80E72A97166E007745A1 /* Assets.swift in Sources */,
				14AC80FA2A97240F007745A1 /* Enums.swift in Sources */,
				14C3ACEE2A96EFFC0057F074 /* ChatsViewModel.swift in Sources */,
			);
			runOnlyForDeploymentPostprocessing = 0;
		};
/* End PBXSourcesBuildPhase section */

/* Begin PBXVariantGroup section */
		14C3ACC92A96E8F00057F074 /* Main.storyboard */ = {
			isa = PBXVariantGroup;
			children = (
				14C3ACCA2A96E8F00057F074 /* Base */,
			);
			name = Main.storyboard;
			sourceTree = "<group>";
		};
		14C3ACCE2A96E8F30057F074 /* LaunchScreen.storyboard */ = {
			isa = PBXVariantGroup;
			children = (
				14C3ACCF2A96E8F30057F074 /* Base */,
			);
			name = LaunchScreen.storyboard;
			sourceTree = "<group>";
		};
/* End PBXVariantGroup section */

/* Begin XCBuildConfiguration section */
		14C3ACD22A96E8F30057F074 /* Debug */ = {
			isa = XCBuildConfiguration;
			buildSettings = {
				ALWAYS_SEARCH_USER_PATHS = NO;
				CLANG_ANALYZER_NONNULL = YES;
				CLANG_ANALYZER_NUMBER_OBJECT_CONVERSION = YES_AGGRESSIVE;
				CLANG_CXX_LANGUAGE_STANDARD = "gnu++20";
				CLANG_ENABLE_MODULES = YES;
				CLANG_ENABLE_OBJC_ARC = YES;
				CLANG_ENABLE_OBJC_WEAK = YES;
				CLANG_WARN_BLOCK_CAPTURE_AUTORELEASING = YES;
				CLANG_WARN_BOOL_CONVERSION = YES;
				CLANG_WARN_COMMA = YES;
				CLANG_WARN_CONSTANT_CONVERSION = YES;
				CLANG_WARN_DEPRECATED_OBJC_IMPLEMENTATIONS = YES;
				CLANG_WARN_DIRECT_OBJC_ISA_USAGE = YES_ERROR;
				CLANG_WARN_DOCUMENTATION_COMMENTS = YES;
				CLANG_WARN_EMPTY_BODY = YES;
				CLANG_WARN_ENUM_CONVERSION = YES;
				CLANG_WARN_INFINITE_RECURSION = YES;
				CLANG_WARN_INT_CONVERSION = YES;
				CLANG_WARN_NON_LITERAL_NULL_CONVERSION = YES;
				CLANG_WARN_OBJC_IMPLICIT_RETAIN_SELF = YES;
				CLANG_WARN_OBJC_LITERAL_CONVERSION = YES;
				CLANG_WARN_OBJC_ROOT_CLASS = YES_ERROR;
				CLANG_WARN_QUOTED_INCLUDE_IN_FRAMEWORK_HEADER = YES;
				CLANG_WARN_RANGE_LOOP_ANALYSIS = YES;
				CLANG_WARN_STRICT_PROTOTYPES = YES;
				CLANG_WARN_SUSPICIOUS_MOVE = YES;
				CLANG_WARN_UNGUARDED_AVAILABILITY = YES_AGGRESSIVE;
				CLANG_WARN_UNREACHABLE_CODE = YES;
				CLANG_WARN__DUPLICATE_METHOD_MATCH = YES;
				COPY_PHASE_STRIP = NO;
				DEBUG_INFORMATION_FORMAT = dwarf;
				ENABLE_STRICT_OBJC_MSGSEND = YES;
				ENABLE_TESTABILITY = YES;
				GCC_C_LANGUAGE_STANDARD = gnu11;
				GCC_DYNAMIC_NO_PIC = NO;
				GCC_NO_COMMON_BLOCKS = YES;
				GCC_OPTIMIZATION_LEVEL = 0;
				GCC_PREPROCESSOR_DEFINITIONS = (
					"DEBUG=1",
					"$(inherited)",
				);
				GCC_WARN_64_TO_32_BIT_CONVERSION = YES;
				GCC_WARN_ABOUT_RETURN_TYPE = YES_ERROR;
				GCC_WARN_UNDECLARED_SELECTOR = YES;
				GCC_WARN_UNINITIALIZED_AUTOS = YES_AGGRESSIVE;
				GCC_WARN_UNUSED_FUNCTION = YES;
				GCC_WARN_UNUSED_VARIABLE = YES;
				IPHONEOS_DEPLOYMENT_TARGET = 16.0;
				MTL_ENABLE_DEBUG_INFO = INCLUDE_SOURCE;
				MTL_FAST_MATH = YES;
				ONLY_ACTIVE_ARCH = YES;
				SDKROOT = iphoneos;
				SWIFT_ACTIVE_COMPILATION_CONDITIONS = DEBUG;
				SWIFT_OPTIMIZATION_LEVEL = "-Onone";
			};
			name = Debug;
		};
		14C3ACD32A96E8F30057F074 /* Release */ = {
			isa = XCBuildConfiguration;
			buildSettings = {
				ALWAYS_SEARCH_USER_PATHS = NO;
				CLANG_ANALYZER_NONNULL = YES;
				CLANG_ANALYZER_NUMBER_OBJECT_CONVERSION = YES_AGGRESSIVE;
				CLANG_CXX_LANGUAGE_STANDARD = "gnu++20";
				CLANG_ENABLE_MODULES = YES;
				CLANG_ENABLE_OBJC_ARC = YES;
				CLANG_ENABLE_OBJC_WEAK = YES;
				CLANG_WARN_BLOCK_CAPTURE_AUTORELEASING = YES;
				CLANG_WARN_BOOL_CONVERSION = YES;
				CLANG_WARN_COMMA = YES;
				CLANG_WARN_CONSTANT_CONVERSION = YES;
				CLANG_WARN_DEPRECATED_OBJC_IMPLEMENTATIONS = YES;
				CLANG_WARN_DIRECT_OBJC_ISA_USAGE = YES_ERROR;
				CLANG_WARN_DOCUMENTATION_COMMENTS = YES;
				CLANG_WARN_EMPTY_BODY = YES;
				CLANG_WARN_ENUM_CONVERSION = YES;
				CLANG_WARN_INFINITE_RECURSION = YES;
				CLANG_WARN_INT_CONVERSION = YES;
				CLANG_WARN_NON_LITERAL_NULL_CONVERSION = YES;
				CLANG_WARN_OBJC_IMPLICIT_RETAIN_SELF = YES;
				CLANG_WARN_OBJC_LITERAL_CONVERSION = YES;
				CLANG_WARN_OBJC_ROOT_CLASS = YES_ERROR;
				CLANG_WARN_QUOTED_INCLUDE_IN_FRAMEWORK_HEADER = YES;
				CLANG_WARN_RANGE_LOOP_ANALYSIS = YES;
				CLANG_WARN_STRICT_PROTOTYPES = YES;
				CLANG_WARN_SUSPICIOUS_MOVE = YES;
				CLANG_WARN_UNGUARDED_AVAILABILITY = YES_AGGRESSIVE;
				CLANG_WARN_UNREACHABLE_CODE = YES;
				CLANG_WARN__DUPLICATE_METHOD_MATCH = YES;
				COPY_PHASE_STRIP = NO;
				DEBUG_INFORMATION_FORMAT = "dwarf-with-dsym";
				ENABLE_NS_ASSERTIONS = NO;
				ENABLE_STRICT_OBJC_MSGSEND = YES;
				GCC_C_LANGUAGE_STANDARD = gnu11;
				GCC_NO_COMMON_BLOCKS = YES;
				GCC_WARN_64_TO_32_BIT_CONVERSION = YES;
				GCC_WARN_ABOUT_RETURN_TYPE = YES_ERROR;
				GCC_WARN_UNDECLARED_SELECTOR = YES;
				GCC_WARN_UNINITIALIZED_AUTOS = YES_AGGRESSIVE;
				GCC_WARN_UNUSED_FUNCTION = YES;
				GCC_WARN_UNUSED_VARIABLE = YES;
				IPHONEOS_DEPLOYMENT_TARGET = 16.0;
				MTL_ENABLE_DEBUG_INFO = NO;
				MTL_FAST_MATH = YES;
				SDKROOT = iphoneos;
				SWIFT_COMPILATION_MODE = wholemodule;
				SWIFT_OPTIMIZATION_LEVEL = "-O";
				VALIDATE_PRODUCT = YES;
			};
			name = Release;
		};
		14C3ACD52A96E8F30057F074 /* Debug */ = {
			isa = XCBuildConfiguration;
			baseConfigurationReference = 5FDA9C1096D8A407F1B76D00 /* Pods-ChattingAppDemo.debug.xcconfig */;
			buildSettings = {
				ASSETCATALOG_COMPILER_APPICON_NAME = AppIcon;
				ASSETCATALOG_COMPILER_GLOBAL_ACCENT_COLOR_NAME = AccentColor;
				CODE_SIGN_STYLE = Automatic;
				CURRENT_PROJECT_VERSION = 1;
				GENERATE_INFOPLIST_FILE = YES;
				INFOPLIST_FILE = ChattingAppDemo/Info.plist;
				INFOPLIST_KEY_UIApplicationSupportsIndirectInputEvents = YES;
				INFOPLIST_KEY_UILaunchStoryboardName = LaunchScreen;
				INFOPLIST_KEY_UIMainStoryboardFile = Main;
				INFOPLIST_KEY_UISupportedInterfaceOrientations_iPad = "UIInterfaceOrientationPortrait UIInterfaceOrientationPortraitUpsideDown UIInterfaceOrientationLandscapeLeft UIInterfaceOrientationLandscapeRight";
				INFOPLIST_KEY_UISupportedInterfaceOrientations_iPhone = "UIInterfaceOrientationPortrait UIInterfaceOrientationLandscapeLeft UIInterfaceOrientationLandscapeRight";
				LD_RUNPATH_SEARCH_PATHS = (
					"$(inherited)",
					"@executable_path/Frameworks",
				);
				MARKETING_VERSION = 1.0;
				PRODUCT_BUNDLE_IDENTIFIER = Sean.ChattingAppDemo;
				PRODUCT_NAME = "$(TARGET_NAME)";
				SWIFT_EMIT_LOC_STRINGS = YES;
				SWIFT_VERSION = 5.0;
				TARGETED_DEVICE_FAMILY = "1,2";
			};
			name = Debug;
		};
		14C3ACD62A96E8F30057F074 /* Release */ = {
			isa = XCBuildConfiguration;
			baseConfigurationReference = D2D5AFBDE5059B832C4D85C3 /* Pods-ChattingAppDemo.release.xcconfig */;
			buildSettings = {
				ASSETCATALOG_COMPILER_APPICON_NAME = AppIcon;
				ASSETCATALOG_COMPILER_GLOBAL_ACCENT_COLOR_NAME = AccentColor;
				CODE_SIGN_STYLE = Automatic;
				CURRENT_PROJECT_VERSION = 1;
				GENERATE_INFOPLIST_FILE = YES;
				INFOPLIST_FILE = ChattingAppDemo/Info.plist;
				INFOPLIST_KEY_UIApplicationSupportsIndirectInputEvents = YES;
				INFOPLIST_KEY_UILaunchStoryboardName = LaunchScreen;
				INFOPLIST_KEY_UIMainStoryboardFile = Main;
				INFOPLIST_KEY_UISupportedInterfaceOrientations_iPad = "UIInterfaceOrientationPortrait UIInterfaceOrientationPortraitUpsideDown UIInterfaceOrientationLandscapeLeft UIInterfaceOrientationLandscapeRight";
				INFOPLIST_KEY_UISupportedInterfaceOrientations_iPhone = "UIInterfaceOrientationPortrait UIInterfaceOrientationLandscapeLeft UIInterfaceOrientationLandscapeRight";
				LD_RUNPATH_SEARCH_PATHS = (
					"$(inherited)",
					"@executable_path/Frameworks",
				);
				MARKETING_VERSION = 1.0;
				PRODUCT_BUNDLE_IDENTIFIER = Sean.ChattingAppDemo;
				PRODUCT_NAME = "$(TARGET_NAME)";
				SWIFT_EMIT_LOC_STRINGS = YES;
				SWIFT_VERSION = 5.0;
				TARGETED_DEVICE_FAMILY = "1,2";
			};
			name = Release;
		};
/* End XCBuildConfiguration section */

/* Begin XCConfigurationList section */
		14C3ACBB2A96E8F00057F074 /* Build configuration list for PBXProject "ChattingAppDemo" */ = {
			isa = XCConfigurationList;
			buildConfigurations = (
				14C3ACD22A96E8F30057F074 /* Debug */,
				14C3ACD32A96E8F30057F074 /* Release */,
			);
			defaultConfigurationIsVisible = 0;
			defaultConfigurationName = Release;
		};
		14C3ACD42A96E8F30057F074 /* Build configuration list for PBXNativeTarget "ChattingAppDemo" */ = {
			isa = XCConfigurationList;
			buildConfigurations = (
				14C3ACD52A96E8F30057F074 /* Debug */,
				14C3ACD62A96E8F30057F074 /* Release */,
			);
			defaultConfigurationIsVisible = 0;
			defaultConfigurationName = Release;
		};
/* End XCConfigurationList section */
	};
	rootObject = 14C3ACB82A96E8F00057F074 /* Project object */;
}
